
Microsoft Visual Studio Solution File, Format Version 12.00
# Visual Studio Version 16
VisualStudioVersion = 16.0.33423.256
MinimumVisualStudioVersion = 10.0.40219.1
Project("{FAE04EC0-301F-11D3-BF4B-00C04F79EFBC}") = "19 C Valinta Lämpötila muunnin", "19 C Valinta Lämpötila muunnin\19 C Valinta Lämpötila muunnin.csproj", "{F75A9892-8B8D-411F-B0FA-F817B3BEFA09}"
EndProject
Global
	GlobalSection(SolutionConfigurationPlatforms) = preSolution
		Debug|Any CPU = Debug|Any CPU
		Release|Any CPU = Release|Any CPU
	EndGlobalSection
	GlobalSection(ProjectConfigurationPlatforms) = postSolution
		{F75A9892-8B8D-411F-B0FA-F817B3BEFA09}.Debug|Any CPU.ActiveCfg = Debug|Any CPU
		{F75A9892-8B8D-411F-B0FA-F817B3BEFA09}.Debug|Any CPU.Build.0 = Debug|Any CPU
		{F75A9892-8B8D-411F-B0FA-F817B3BEFA09}.Release|Any CPU.ActiveCfg = Release|Any CPU
		{F75A9892-8B8D-411F-B0FA-F817B3BEFA09}.Release|Any CPU.Build.0 = Release|Any CPU
	EndGlobalSection
	GlobalSection(SolutionProperties) = preSolution
		HideSolutionNode = FALSE
	EndGlobalSection
	GlobalSection(ExtensibilityGlobals) = postSolution
		SolutionGuid = {0AF0850D-270E-4477-B70C-91F56BE401C4}
	EndGlobalSection
EndGlobal
